<?xml version="1.0" encoding="utf-8"?>
<Project ToolsVersion="4.0" xmlns="http://schemas.microsoft.com/developer/msbuild/2003">
  <ItemGroup>
    <Filter Include="Sagittarius">
      <UniqueIdentifier>{D5DBA06C-4191-1962-CA85-1339363A1066}</UniqueIdentifier>
    </Filter>
  </ItemGroup>
  <ItemGroup>
    <ClInclude Include="src\Sagittarius.h" />
    <ClInclude Include="src\Sagittarius\Application.h">
      <Filter>Sagittarius</Filter>
    </ClInclude>
    <ClInclude Include="src\Sagittarius\Core.h">
      <Filter>Sagittarius</Filter>
    </ClInclude>
    <ClInclude Include="src\Sagittarius\EntryPoint.h">
      <Filter>Sagittarius</Filter>
    </ClInclude>
    <ClInclude Include="src\Sagittarius\Log.h">
      <Filter>Sagittarius</Filter>
    </ClInclude>
  </ItemGroup>
  <ItemGroup>
    <ClCompile Include="src\Sagittarius\Application.cpp">
      <Filter>Sagittarius</Filter>
    </ClCompile>
    <ClCompile Include="src\Sagittarius\Log.cpp">
      <Filter>Sagittarius</Filter>
    </ClCompile>
  </ItemGroup>
</Project>